Microsoft Visual Studio Solution File, Format Version 12.00
# Visual Studio Version 17
VisualStudioVersion = 17.11.35017.193
MinimumVisualStudioVersion = 10.0.40219.1
Project("{9A19103F-16F7-4668-BE54-9A1E7A4F7556}") = "HLE.Debug", "debug\HLE.Debug\HLE.Debug.csproj", "{11B9B476-AD36-459B-B1AF-4474E0FED677}"
EndProject
Project("{9A19103F-16F7-4668-BE54-9A1E7A4F7556}") = "HLE.SourceGenerators", "src\generators\HLE.SourceGenerators\HLE.SourceGenerators.csproj", "{A7A70C15-972C-4F31-9754-A01C642EC568}"
EndProject
Project("{2150E333-8FDC-42A3-9474-1A3956D46DE8}") = "debug", "debug", "{BB652E74-A6D6-42FD-AF0A-3A0A2D3090C3}"
EndProject
Project("{2150E333-8FDC-42A3-9474-1A3956D46DE8}") = "Solution Items", "Solution Items", "{C7E12312-54CE-49C6-8AD4-0F93405755E2}"
	ProjectSection(SolutionItems) = preProject
		.gitattributes = .gitattributes
		.gitignore = .gitignore
		.gitmodules = .gitmodules
		Directory.Build.props = Directory.Build.props
		Directory.Build.targets = Directory.Build.targets
		Directory.Packages.props = Directory.Packages.props
		global.json = global.json
		LICENSE = LICENSE
		publish.ps1 = publish.ps1
		README.md = README.md
	EndProjectSection
EndProject
Project("{2150E333-8FDC-42A3-9474-1A3956D46DE8}") = "src", "src", "{1EC460BD-4B10-419E-A9BA-ABFA46E2FBE8}"
EndProject
Project("{2150E333-8FDC-42A3-9474-1A3956D46DE8}") = "libraries", "libraries", "{3D3375A0-120E-40B7-B658-EF9820844F70}"
	ProjectSection(SolutionItems) = preProject
		src\libraries\Directory.Build.props = src\libraries\Directory.Build.props
	EndProjectSection
EndProject
Project("{FAE04EC0-301F-11D3-BF4B-00C04F79EFBC}") = "HLE", "src\libraries\HLE\HLE.csproj", "{E3D36864-95E3-4C17-92CC-EC19828D7D0E}"
EndProject
Project("{FAE04EC0-301F-11D3-BF4B-00C04F79EFBC}") = "HLE.Twitch", "src\libraries\HLE.Twitch\HLE.Twitch.csproj", "{FF8243E2-95EA-4FC5-AC3C-E47D8A6DB188}"
EndProject
Project("{2150E333-8FDC-42A3-9474-1A3956D46DE8}") = "generators", "generators", "{88AB71B3-2FD7-4273-89B6-3079168689A1}"
EndProject
Project("{2150E333-8FDC-42A3-9474-1A3956D46DE8}") = "tests", "tests", "{6194B1F3-6BFE-4E36-B497-67F094DA9CD9}"
	ProjectSection(SolutionItems) = preProject
		src\tests\tests.runsettings = src\tests\tests.runsettings
		src\tests\xunit.runner.json = src\tests\xunit.runner.json
	EndProjectSection
EndProject
Project("{2150E333-8FDC-42A3-9474-1A3956D46DE8}") = "libraries", "libraries", "{923F9475-955F-47B1-A1A1-361164758487}"
	ProjectSection(SolutionItems) = preProject
		src\tests\libraries\Directory.Build.props = src\tests\libraries\Directory.Build.props
	EndProjectSection
EndProject
Project("{FAE04EC0-301F-11D3-BF4B-00C04F79EFBC}") = "HLE.Twitch.UnitTests", "src\tests\libraries\HLE.Twitch\HLE.Twitch.UnitTests.csproj", "{A4BF6E07-877D-46F8-A99E-36E5EAF66561}"
EndProject
Project("{FAE04EC0-301F-11D3-BF4B-00C04F79EFBC}") = "HLE.TestUtilities", "src\tests\HLE.TestUtilities\HLE.TestUtilities.csproj", "{31B753EF-A2A3-425F-9A5C-50B79074F2EB}"
EndProject
Project("{FAE04EC0-301F-11D3-BF4B-00C04F79EFBC}") = "HLE.TestRunner", "src\tests\HLE.TestRunner\HLE.TestRunner.csproj", "{03E2F2D1-594B-4440-BDC8-2141D8AC675E}"
EndProject
Project("{FAE04EC0-301F-11D3-BF4B-00C04F79EFBC}") = "HLE.UnitTests", "src\tests\libraries\HLE\HLE\HLE.UnitTests.csproj", "{6BA7BB71-ACC9-4E3F-886D-D64E23D7E9A3}"
EndProject
Project("{FAE04EC0-301F-11D3-BF4B-00C04F79EFBC}") = "HLE.Collections.UnitTests", "src\tests\libraries\HLE\HLE.Collections\HLE.Collections.UnitTests.csproj", "{AAFD6DCA-0891-49A1-ABCC-16EAD0AFB12B}"
EndProject
Project("{FAE04EC0-301F-11D3-BF4B-00C04F79EFBC}") = "HLE.IO.UnitTests", "src\tests\libraries\HLE\HLE.IO\HLE.IO.UnitTests.csproj", "{6CA151A1-8D30-4C74-8D6B-7899F95A6743}"
EndProject
Project("{FAE04EC0-301F-11D3-BF4B-00C04F79EFBC}") = "HLE.Marshalling.UnitTests", "src\tests\libraries\HLE\HLE.Marshalling\HLE.Marshalling.UnitTests.csproj", "{598D7140-54B2-42BA-8664-54A261C6A043}"
EndProject
Project("{FAE04EC0-301F-11D3-BF4B-00C04F79EFBC}") = "HLE.Memory.UnitTests", "src\tests\libraries\HLE\HLE.Memory\HLE.Memory.UnitTests.csproj", "{2FC0E3A3-7E5A-42BA-91BC-DD4F81DCDC40}"
EndProject
Project("{FAE04EC0-301F-11D3-BF4B-00C04F79EFBC}") = "HLE.Numerics.UnitTests", "src\tests\libraries\HLE\HLE.Numerics\HLE.Numerics.UnitTests.csproj", "{92395D20-9DDA-4C7A-B975-4A73353C53F7}"
EndProject
Project("{FAE04EC0-301F-11D3-BF4B-00C04F79EFBC}") = "HLE.Resources.UnitTests", "src\tests\libraries\HLE\HLE.Resources\HLE.Resources.UnitTests.csproj", "{2F9E1FA0-6FCC-402A-894A-E6E4E6F760B4}"
EndProject
Project("{FAE04EC0-301F-11D3-BF4B-00C04F79EFBC}") = "HLE.Text.UnitTests", "src\tests\libraries\HLE\HLE.Text\HLE.Text.UnitTests.csproj", "{5A1322C0-BDC9-48D7-89B0-48147F53938D}"
EndProject
Project("{FAE04EC0-301F-11D3-BF4B-00C04F79EFBC}") = "HLE.Threading.UnitTests", "src\tests\libraries\HLE\HLE.Threading\HLE.Threading.UnitTests.csproj", "{E174054C-C917-46BB-ABBC-3E431F84E3B4}"
EndProject
Project("{2150E333-8FDC-42A3-9474-1A3956D46DE8}") = "HLE", "HLE", "{34565683-D945-4670-912F-0A26FA97DD99}"
	ProjectSection(SolutionItems) = preProject
		src\tests\libraries\HLE\Directory.Build.props = src\tests\libraries\HLE\Directory.Build.props
	EndProjectSection
EndProject
Project("{2150E333-8FDC-42A3-9474-1A3956D46DE8}") = "HLE.Twitch", "HLE.Twitch", "{3B843DAF-8171-48B7-B93B-33F6F953F472}"
EndProject
Global
	GlobalSection(SolutionConfigurationPlatforms) = preSolution
		Debug|Any CPU = Debug|Any CPU
		Release|Any CPU = Release|Any CPU
	EndGlobalSection
	GlobalSection(ProjectConfigurationPlatforms) = postSolution
		{11B9B476-AD36-459B-B1AF-4474E0FED677}.Debug|Any CPU.ActiveCfg = Debug|Any CPU
		{11B9B476-AD36-459B-B1AF-4474E0FED677}.Debug|Any CPU.Build.0 = Debug|Any CPU
		{11B9B476-AD36-459B-B1AF-4474E0FED677}.Release|Any CPU.ActiveCfg = Release|Any CPU
		{11B9B476-AD36-459B-B1AF-4474E0FED677}.Release|Any CPU.Build.0 = Release|Any CPU
		{A7A70C15-972C-4F31-9754-A01C642EC568}.Debug|Any CPU.ActiveCfg = Debug|Any CPU
		{A7A70C15-972C-4F31-9754-A01C642EC568}.Debug|Any CPU.Build.0 = Debug|Any CPU
		{A7A70C15-972C-4F31-9754-A01C642EC568}.Release|Any CPU.ActiveCfg = Release|Any CPU
		{A7A70C15-972C-4F31-9754-A01C642EC568}.Release|Any CPU.Build.0 = Release|Any CPU
		{E3D36864-95E3-4C17-92CC-EC19828D7D0E}.Debug|Any CPU.ActiveCfg = Debug|Any CPU
		{E3D36864-95E3-4C17-92CC-EC19828D7D0E}.Debug|Any CPU.Build.0 = Debug|Any CPU
		{E3D36864-95E3-4C17-92CC-EC19828D7D0E}.Release|Any CPU.ActiveCfg = Release|Any CPU
		{E3D36864-95E3-4C17-92CC-EC19828D7D0E}.Release|Any CPU.Build.0 = Release|Any CPU
		{FF8243E2-95EA-4FC5-AC3C-E47D8A6DB188}.Debug|Any CPU.ActiveCfg = Debug|Any CPU
		{FF8243E2-95EA-4FC5-AC3C-E47D8A6DB188}.Debug|Any CPU.Build.0 = Debug|Any CPU
		{FF8243E2-95EA-4FC5-AC3C-E47D8A6DB188}.Release|Any CPU.ActiveCfg = Release|Any CPU
		{FF8243E2-95EA-4FC5-AC3C-E47D8A6DB188}.Release|Any CPU.Build.0 = Release|Any CPU
		{A4BF6E07-877D-46F8-A99E-36E5EAF66561}.Debug|Any CPU.ActiveCfg = Debug|Any CPU
		{A4BF6E07-877D-46F8-A99E-36E5EAF66561}.Debug|Any CPU.Build.0 = Debug|Any CPU
		{A4BF6E07-877D-46F8-A99E-36E5EAF66561}.Release|Any CPU.ActiveCfg = Release|Any CPU
		{A4BF6E07-877D-46F8-A99E-36E5EAF66561}.Release|Any CPU.Build.0 = Release|Any CPU
		{31B753EF-A2A3-425F-9A5C-50B79074F2EB}.Debug|Any CPU.ActiveCfg = Debug|Any CPU
		{31B753EF-A2A3-425F-9A5C-50B79074F2EB}.Debug|Any CPU.Build.0 = Debug|Any CPU
		{31B753EF-A2A3-425F-9A5C-50B79074F2EB}.Release|Any CPU.ActiveCfg = Release|Any CPU
		{31B753EF-A2A3-425F-9A5C-50B79074F2EB}.Release|Any CPU.Build.0 = Release|Any CPU
		{03E2F2D1-594B-4440-BDC8-2141D8AC675E}.Debug|Any CPU.ActiveCfg = Debug|Any CPU
		{03E2F2D1-594B-4440-BDC8-2141D8AC675E}.Debug|Any CPU.Build.0 = Debug|Any CPU
		{03E2F2D1-594B-4440-BDC8-2141D8AC675E}.Release|Any CPU.ActiveCfg = Release|Any CPU
		{03E2F2D1-594B-4440-BDC8-2141D8AC675E}.Release|Any CPU.Build.0 = Release|Any CPU
		{6BA7BB71-ACC9-4E3F-886D-D64E23D7E9A3}.Debug|Any CPU.ActiveCfg = Debug|Any CPU
		{6BA7BB71-ACC9-4E3F-886D-D64E23D7E9A3}.Debug|Any CPU.Build.0 = Debug|Any CPU
		{6BA7BB71-ACC9-4E3F-886D-D64E23D7E9A3}.Release|Any CPU.ActiveCfg = Release|Any CPU
		{6BA7BB71-ACC9-4E3F-886D-D64E23D7E9A3}.Release|Any CPU.Build.0 = Release|Any CPU
		{AAFD6DCA-0891-49A1-ABCC-16EAD0AFB12B}.Debug|Any CPU.ActiveCfg = Debug|Any CPU
		{AAFD6DCA-0891-49A1-ABCC-16EAD0AFB12B}.Debug|Any CPU.Build.0 = Debug|Any CPU
		{AAFD6DCA-0891-49A1-ABCC-16EAD0AFB12B}.Release|Any CPU.ActiveCfg = Release|Any CPU
		{AAFD6DCA-0891-49A1-ABCC-16EAD0AFB12B}.Release|Any CPU.Build.0 = Release|Any CPU
		{6CA151A1-8D30-4C74-8D6B-7899F95A6743}.Debug|Any CPU.ActiveCfg = Debug|Any CPU
		{6CA151A1-8D30-4C74-8D6B-7899F95A6743}.Debug|Any CPU.Build.0 = Debug|Any CPU
		{6CA151A1-8D30-4C74-8D6B-7899F95A6743}.Release|Any CPU.ActiveCfg = Release|Any CPU
		{6CA151A1-8D30-4C74-8D6B-7899F95A6743}.Release|Any CPU.Build.0 = Release|Any CPU
		{598D7140-54B2-42BA-8664-54A261C6A043}.Debug|Any CPU.ActiveCfg = Debug|Any CPU
		{598D7140-54B2-42BA-8664-54A261C6A043}.Debug|Any CPU.Build.0 = Debug|Any CPU
		{598D7140-54B2-42BA-8664-54A261C6A043}.Release|Any CPU.ActiveCfg = Release|Any CPU
		{598D7140-54B2-42BA-8664-54A261C6A043}.Release|Any CPU.Build.0 = Release|Any CPU
		{2FC0E3A3-7E5A-42BA-91BC-DD4F81DCDC40}.Debug|Any CPU.ActiveCfg = Debug|Any CPU
		{2FC0E3A3-7E5A-42BA-91BC-DD4F81DCDC40}.Debug|Any CPU.Build.0 = Debug|Any CPU
		{2FC0E3A3-7E5A-42BA-91BC-DD4F81DCDC40}.Release|Any CPU.ActiveCfg = Release|Any CPU
		{2FC0E3A3-7E5A-42BA-91BC-DD4F81DCDC40}.Release|Any CPU.Build.0 = Release|Any CPU
		{92395D20-9DDA-4C7A-B975-4A73353C53F7}.Debug|Any CPU.ActiveCfg = Debug|Any CPU
		{92395D20-9DDA-4C7A-B975-4A73353C53F7}.Debug|Any CPU.Build.0 = Debug|Any CPU
		{92395D20-9DDA-4C7A-B975-4A73353C53F7}.Release|Any CPU.ActiveCfg = Release|Any CPU
		{92395D20-9DDA-4C7A-B975-4A73353C53F7}.Release|Any CPU.Build.0 = Release|Any CPU
		{2F9E1FA0-6FCC-402A-894A-E6E4E6F760B4}.Debug|Any CPU.ActiveCfg = Debug|Any CPU
		{2F9E1FA0-6FCC-402A-894A-E6E4E6F760B4}.Debug|Any CPU.Build.0 = Debug|Any CPU
		{2F9E1FA0-6FCC-402A-894A-E6E4E6F760B4}.Release|Any CPU.ActiveCfg = Release|Any CPU
		{2F9E1FA0-6FCC-402A-894A-E6E4E6F760B4}.Release|Any CPU.Build.0 = Release|Any CPU
		{5A1322C0-BDC9-48D7-89B0-48147F53938D}.Debug|Any CPU.ActiveCfg = Debug|Any CPU
		{5A1322C0-BDC9-48D7-89B0-48147F53938D}.Debug|Any CPU.Build.0 = Debug|Any CPU
		{5A1322C0-BDC9-48D7-89B0-48147F53938D}.Release|Any CPU.ActiveCfg = Release|Any CPU
		{5A1322C0-BDC9-48D7-89B0-48147F53938D}.Release|Any CPU.Build.0 = Release|Any CPU
		{E174054C-C917-46BB-ABBC-3E431F84E3B4}.Debug|Any CPU.ActiveCfg = Debug|Any CPU
		{E174054C-C917-46BB-ABBC-3E431F84E3B4}.Debug|Any CPU.Build.0 = Debug|Any CPU
		{E174054C-C917-46BB-ABBC-3E431F84E3B4}.Release|Any CPU.ActiveCfg = Release|Any CPU
		{E174054C-C917-46BB-ABBC-3E431F84E3B4}.Release|Any CPU.Build.0 = Release|Any CPU
	EndGlobalSection
	GlobalSection(SolutionProperties) = preSolution
		HideSolutionNode = FALSE
	EndGlobalSection
	GlobalSection(NestedProjects) = preSolution
		{11B9B476-AD36-459B-B1AF-4474E0FED677} = {BB652E74-A6D6-42FD-AF0A-3A0A2D3090C3}
		{A7A70C15-972C-4F31-9754-A01C642EC568} = {88AB71B3-2FD7-4273-89B6-3079168689A1}
		{3D3375A0-120E-40B7-B658-EF9820844F70} = {1EC460BD-4B10-419E-A9BA-ABFA46E2FBE8}
		{E3D36864-95E3-4C17-92CC-EC19828D7D0E} = {3D3375A0-120E-40B7-B658-EF9820844F70}
		{FF8243E2-95EA-4FC5-AC3C-E47D8A6DB188} = {3D3375A0-120E-40B7-B658-EF9820844F70}
		{88AB71B3-2FD7-4273-89B6-3079168689A1} = {1EC460BD-4B10-419E-A9BA-ABFA46E2FBE8}
		{6194B1F3-6BFE-4E36-B497-67F094DA9CD9} = {1EC460BD-4B10-419E-A9BA-ABFA46E2FBE8}
		{923F9475-955F-47B1-A1A1-361164758487} = {6194B1F3-6BFE-4E36-B497-67F094DA9CD9}
		{A4BF6E07-877D-46F8-A99E-36E5EAF66561} = {3B843DAF-8171-48B7-B93B-33F6F953F472}
		{31B753EF-A2A3-425F-9A5C-50B79074F2EB} = {6194B1F3-6BFE-4E36-B497-67F094DA9CD9}
		{03E2F2D1-594B-4440-BDC8-2141D8AC675E} = {6194B1F3-6BFE-4E36-B497-67F094DA9CD9}
		{6BA7BB71-ACC9-4E3F-886D-D64E23D7E9A3} = {34565683-D945-4670-912F-0A26FA97DD99}
		{AAFD6DCA-0891-49A1-ABCC-16EAD0AFB12B} = {34565683-D945-4670-912F-0A26FA97DD99}
		{6CA151A1-8D30-4C74-8D6B-7899F95A6743} = {34565683-D945-4670-912F-0A26FA97DD99}
		{598D7140-54B2-42BA-8664-54A261C6A043} = {34565683-D945-4670-912F-0A26FA97DD99}
		{2FC0E3A3-7E5A-42BA-91BC-DD4F81DCDC40} = {34565683-D945-4670-912F-0A26FA97DD99}
		{92395D20-9DDA-4C7A-B975-4A73353C53F7} = {34565683-D945-4670-912F-0A26FA97DD99}
		{2F9E1FA0-6FCC-402A-894A-E6E4E6F760B4} = {34565683-D945-4670-912F-0A26FA97DD99}
		{5A1322C0-BDC9-48D7-89B0-48147F53938D} = {34565683-D945-4670-912F-0A26FA97DD99}
		{E174054C-C917-46BB-ABBC-3E431F84E3B4} = {34565683-D945-4670-912F-0A26FA97DD99}
		{34565683-D945-4670-912F-0A26FA97DD99} = {923F9475-955F-47B1-A1A1-361164758487}
		{3B843DAF-8171-48B7-B93B-33F6F953F472} = {923F9475-955F-47B1-A1A1-361164758487}
	EndGlobalSection
	GlobalSection(ExtensibilityGlobals) = postSolution
		SolutionGuid = {D0295567-7264-490C-9A29-2BF4F5AA36B3}
	EndGlobalSection
EndGlobal
