Microsoft Visual Studio Solution File, Format Version 12.00
# Visual Studio Version 17
VisualStudioVersion = 17.11.35017.193
MinimumVisualStudioVersion = 10.0.40219.1
Project("{9A19103F-16F7-4668-BE54-9A1E7A4F7556}") = "HLE", "src\HLE\HLE.csproj", "{BF550353-87F8-43E7-BC16-C0DCA4635B01}"
EndProject
Project("{9A19103F-16F7-4668-BE54-9A1E7A4F7556}") = "HLE.Debug", "debug\HLE.Debug\HLE.Debug.csproj", "{11B9B476-AD36-459B-B1AF-4474E0FED677}"
EndProject
Project("{9A19103F-16F7-4668-BE54-9A1E7A4F7556}") = "HLE.UnitTests", "tests\UnitTests\HLE\HLE.UnitTests.csproj", "{6D5301A1-B1CA-4152-8D68-841D9E74165A}"
EndProject
Project("{9A19103F-16F7-4668-BE54-9A1E7A4F7556}") = "HLE.SourceGenerators", "src\HLE.SourceGenerators\HLE.SourceGenerators.csproj", "{A7A70C15-972C-4F31-9754-A01C642EC568}"
EndProject
Project("{2150E333-8FDC-42A3-9474-1A3956D46DE8}") = "src", "src", "{6978E4D3-1DE4-4D84-8EC5-76028E11CDB8}"
EndProject
Project("{2150E333-8FDC-42A3-9474-1A3956D46DE8}") = "tests", "tests", "{CDE88CDD-7EA1-47F2-A7C7-C8923DE5E09E}"
	ProjectSection(SolutionItems) = preProject
		tests\Directory.Build.targets = tests\Directory.Build.targets
		tests\xunit.runner.json = tests\xunit.runner.json
	EndProjectSection
EndProject
Project("{2150E333-8FDC-42A3-9474-1A3956D46DE8}") = "debug", "debug", "{BB652E74-A6D6-42FD-AF0A-3A0A2D3090C3}"
EndProject
Project("{9A19103F-16F7-4668-BE54-9A1E7A4F7556}") = "HLE.Twitch", "src\HLE.Twitch\HLE.Twitch.csproj", "{9FEFD5AC-D390-4D7A-87DF-F7054B23D448}"
EndProject
Project("{9A19103F-16F7-4668-BE54-9A1E7A4F7556}") = "HLE.Twitch.UnitTests", "tests\UnitTests\HLE.Twitch\HLE.Twitch.UnitTests.csproj", "{CBDA20E4-C6E6-4A6E-AC7B-AA8B4D9E4B4C}"
EndProject
Project("{9A19103F-16F7-4668-BE54-9A1E7A4F7556}") = "HLE.IL", "src\HLE.IL\HLE.IL.ilproj", "{F992373B-062A-4F2A-BBF4-A290631E05BC}"
EndProject
Project("{9A19103F-16F7-4668-BE54-9A1E7A4F7556}") = "HLE.IL.UnitTests", "tests\UnitTests\HLE.IL\HLE.IL.UnitTests.csproj", "{19735F96-8F13-4FD7-BAA5-EB3921F87769}"
EndProject
Project("{9A19103F-16F7-4668-BE54-9A1E7A4F7556}") = "HLE.TestUtilities", "tests\HLE.TestUtilities\HLE.TestUtilities.csproj", "{2AAF6273-E7D6-4588-BE2E-34028F129A77}"
EndProject
Project("{2150E333-8FDC-42A3-9474-1A3956D46DE8}") = "Solution Items", "Solution Items", "{C7E12312-54CE-49C6-8AD4-0F93405755E2}"
	ProjectSection(SolutionItems) = preProject
		.gitignore = .gitignore
		Directory.Build.props = Directory.Build.props
		Directory.Build.targets = Directory.Build.targets
		Directory.Packages.props = Directory.Packages.props
		global.json = global.json
		LICENSE = LICENSE
		publish.ps1 = publish.ps1
	EndProjectSection
EndProject
Project("{2150E333-8FDC-42A3-9474-1A3956D46DE8}") = "UnitTests", "UnitTests", "{20CFACF3-D401-4341-824A-D4D60D52E8D7}"
EndProject
Project("{FAE04EC0-301F-11D3-BF4B-00C04F79EFBC}") = "HLE.TestRunner", "tests\HLE.TestRunner\HLE.TestRunner.csproj", "{99D2B0AE-EACD-4B04-8CDC-B2E1BB7F6B15}"
EndProject
Global
	GlobalSection(SolutionConfigurationPlatforms) = preSolution
		Debug|Any CPU = Debug|Any CPU
		Release|Any CPU = Release|Any CPU
	EndGlobalSection
	GlobalSection(ProjectConfigurationPlatforms) = postSolution
		{BF550353-87F8-43E7-BC16-C0DCA4635B01}.Debug|Any CPU.ActiveCfg = Debug|Any CPU
		{BF550353-87F8-43E7-BC16-C0DCA4635B01}.Debug|Any CPU.Build.0 = Debug|Any CPU
		{BF550353-87F8-43E7-BC16-C0DCA4635B01}.Release|Any CPU.ActiveCfg = Release|Any CPU
		{BF550353-87F8-43E7-BC16-C0DCA4635B01}.Release|Any CPU.Build.0 = Release|Any CPU
		{11B9B476-AD36-459B-B1AF-4474E0FED677}.Debug|Any CPU.ActiveCfg = Debug|Any CPU
		{11B9B476-AD36-459B-B1AF-4474E0FED677}.Debug|Any CPU.Build.0 = Debug|Any CPU
		{11B9B476-AD36-459B-B1AF-4474E0FED677}.Release|Any CPU.ActiveCfg = Release|Any CPU
		{11B9B476-AD36-459B-B1AF-4474E0FED677}.Release|Any CPU.Build.0 = Release|Any CPU
		{6D5301A1-B1CA-4152-8D68-841D9E74165A}.Debug|Any CPU.ActiveCfg = Debug|Any CPU
		{6D5301A1-B1CA-4152-8D68-841D9E74165A}.Debug|Any CPU.Build.0 = Debug|Any CPU
		{6D5301A1-B1CA-4152-8D68-841D9E74165A}.Release|Any CPU.ActiveCfg = Release|Any CPU
		{6D5301A1-B1CA-4152-8D68-841D9E74165A}.Release|Any CPU.Build.0 = Release|Any CPU
		{A7A70C15-972C-4F31-9754-A01C642EC568}.Debug|Any CPU.ActiveCfg = Debug|Any CPU
		{A7A70C15-972C-4F31-9754-A01C642EC568}.Debug|Any CPU.Build.0 = Debug|Any CPU
		{A7A70C15-972C-4F31-9754-A01C642EC568}.Release|Any CPU.ActiveCfg = Release|Any CPU
		{A7A70C15-972C-4F31-9754-A01C642EC568}.Release|Any CPU.Build.0 = Release|Any CPU
		{9FEFD5AC-D390-4D7A-87DF-F7054B23D448}.Debug|Any CPU.ActiveCfg = Debug|Any CPU
		{9FEFD5AC-D390-4D7A-87DF-F7054B23D448}.Debug|Any CPU.Build.0 = Debug|Any CPU
		{9FEFD5AC-D390-4D7A-87DF-F7054B23D448}.Release|Any CPU.ActiveCfg = Release|Any CPU
		{9FEFD5AC-D390-4D7A-87DF-F7054B23D448}.Release|Any CPU.Build.0 = Release|Any CPU
		{CBDA20E4-C6E6-4A6E-AC7B-AA8B4D9E4B4C}.Debug|Any CPU.ActiveCfg = Debug|Any CPU
		{CBDA20E4-C6E6-4A6E-AC7B-AA8B4D9E4B4C}.Debug|Any CPU.Build.0 = Debug|Any CPU
		{CBDA20E4-C6E6-4A6E-AC7B-AA8B4D9E4B4C}.Release|Any CPU.ActiveCfg = Release|Any CPU
		{CBDA20E4-C6E6-4A6E-AC7B-AA8B4D9E4B4C}.Release|Any CPU.Build.0 = Release|Any CPU
		{F992373B-062A-4F2A-BBF4-A290631E05BC}.Debug|Any CPU.ActiveCfg = Debug|Any CPU
		{F992373B-062A-4F2A-BBF4-A290631E05BC}.Debug|Any CPU.Build.0 = Debug|Any CPU
		{F992373B-062A-4F2A-BBF4-A290631E05BC}.Release|Any CPU.ActiveCfg = Release|Any CPU
		{F992373B-062A-4F2A-BBF4-A290631E05BC}.Release|Any CPU.Build.0 = Release|Any CPU
		{19735F96-8F13-4FD7-BAA5-EB3921F87769}.Debug|Any CPU.ActiveCfg = Debug|Any CPU
		{19735F96-8F13-4FD7-BAA5-EB3921F87769}.Debug|Any CPU.Build.0 = Debug|Any CPU
		{19735F96-8F13-4FD7-BAA5-EB3921F87769}.Release|Any CPU.ActiveCfg = Release|Any CPU
		{19735F96-8F13-4FD7-BAA5-EB3921F87769}.Release|Any CPU.Build.0 = Release|Any CPU
		{2AAF6273-E7D6-4588-BE2E-34028F129A77}.Debug|Any CPU.ActiveCfg = Debug|Any CPU
		{2AAF6273-E7D6-4588-BE2E-34028F129A77}.Debug|Any CPU.Build.0 = Debug|Any CPU
		{2AAF6273-E7D6-4588-BE2E-34028F129A77}.Release|Any CPU.ActiveCfg = Release|Any CPU
		{2AAF6273-E7D6-4588-BE2E-34028F129A77}.Release|Any CPU.Build.0 = Release|Any CPU
		{99D2B0AE-EACD-4B04-8CDC-B2E1BB7F6B15}.Debug|Any CPU.ActiveCfg = Debug|Any CPU
		{99D2B0AE-EACD-4B04-8CDC-B2E1BB7F6B15}.Debug|Any CPU.Build.0 = Debug|Any CPU
		{99D2B0AE-EACD-4B04-8CDC-B2E1BB7F6B15}.Release|Any CPU.ActiveCfg = Release|Any CPU
		{99D2B0AE-EACD-4B04-8CDC-B2E1BB7F6B15}.Release|Any CPU.Build.0 = Release|Any CPU
	EndGlobalSection
	GlobalSection(SolutionProperties) = preSolution
		HideSolutionNode = FALSE
	EndGlobalSection
	GlobalSection(NestedProjects) = preSolution
		{BF550353-87F8-43E7-BC16-C0DCA4635B01} = {6978E4D3-1DE4-4D84-8EC5-76028E11CDB8}
		{11B9B476-AD36-459B-B1AF-4474E0FED677} = {BB652E74-A6D6-42FD-AF0A-3A0A2D3090C3}
		{A7A70C15-972C-4F31-9754-A01C642EC568} = {6978E4D3-1DE4-4D84-8EC5-76028E11CDB8}
		{9FEFD5AC-D390-4D7A-87DF-F7054B23D448} = {6978E4D3-1DE4-4D84-8EC5-76028E11CDB8}
		{F992373B-062A-4F2A-BBF4-A290631E05BC} = {6978E4D3-1DE4-4D84-8EC5-76028E11CDB8}
		{2AAF6273-E7D6-4588-BE2E-34028F129A77} = {CDE88CDD-7EA1-47F2-A7C7-C8923DE5E09E}
		{20CFACF3-D401-4341-824A-D4D60D52E8D7} = {CDE88CDD-7EA1-47F2-A7C7-C8923DE5E09E}
		{19735F96-8F13-4FD7-BAA5-EB3921F87769} = {20CFACF3-D401-4341-824A-D4D60D52E8D7}
		{CBDA20E4-C6E6-4A6E-AC7B-AA8B4D9E4B4C} = {20CFACF3-D401-4341-824A-D4D60D52E8D7}
		{6D5301A1-B1CA-4152-8D68-841D9E74165A} = {20CFACF3-D401-4341-824A-D4D60D52E8D7}
		{99D2B0AE-EACD-4B04-8CDC-B2E1BB7F6B15} = {CDE88CDD-7EA1-47F2-A7C7-C8923DE5E09E}
	EndGlobalSection
	GlobalSection(ExtensibilityGlobals) = postSolution
		SolutionGuid = {D0295567-7264-490C-9A29-2BF4F5AA36B3}
	EndGlobalSection
EndGlobal
